
Microsoft Visual Studio Solution File, Format Version 10.00
# Visual Studio 2008
Project("{E24C65DC-7377-472B-9ABA-BC803B73C61A}") = "JEEVANRASHABLOODBANK", "E:\JEEVANRASHABLOODBANK\", "{4C8DDF64-7D96-4EE8-809D-2D810D631643}"
	ProjectSection(WebsiteProperties) = preProject
		TargetFramework = "3.5"
		Debug.AspNetCompiler.VirtualPath = "/JEEVANRASHABLOODBANK"
		Debug.AspNetCompiler.PhysicalPath = "E:\JEEVANRASHABLOODBANK\"
		Debug.AspNetCompiler.TargetPath = "PrecompiledWeb\JEEVANRASHABLOODBANK\"
		Debug.AspNetCompiler.Updateable = "true"
		Debug.AspNetCompiler.ForceOverwrite = "true"
		Debug.AspNetCompiler.FixedNames = "false"
		Debug.AspNetCompiler.Debug = "True"
		Release.AspNetCompiler.VirtualPath = "/JEEVANRASHABLOODBANK"
		Release.AspNetCompiler.PhysicalPath = "E:\JEEVANRASHABLOODBANK\"
		Release.AspNetCompiler.TargetPath = "PrecompiledWeb\JEEVANRASHABLOODBANK\"
		Release.AspNetCompiler.Updateable = "true"
		Release.AspNetCompiler.ForceOverwrite = "true"
		Release.AspNetCompiler.FixedNames = "false"
		Release.AspNetCompiler.Debug = "False"
		VWDPort = "11037"
	EndProjectSection
EndProject
Global
	GlobalSection(SolutionConfigurationPlatforms) = preSolution
		Debug|.NET = Debug|.NET
	EndGlobalSection
	GlobalSection(ProjectConfigurationPlatforms) = postSolution
		{4C8DDF64-7D96-4EE8-809D-2D810D631643}.Debug|.NET.ActiveCfg = Debug|.NET
		{4C8DDF64-7D96-4EE8-809D-2D810D631643}.Debug|.NET.Build.0 = Debug|.NET
	EndGlobalSection
	GlobalSection(SolutionProperties) = preSolution
		HideSolutionNode = FALSE
	EndGlobalSection
EndGlobal
